
Microsoft Visual Studio Solution File, Format Version 12.00
# Visual Studio 15
VisualStudioVersion = 15.0.26124.0
MinimumVisualStudioVersion = 15.0.26124.0
Project("{FAE04EC0-301F-11D3-BF4B-00C04F79EFBC}") = "JmesPath", "src\JmesPath.csproj", "{D5A10A15-B119-4275-9120-6248C4A7E911}"
EndProject
Project("{FAE04EC0-301F-11D3-BF4B-00C04F79EFBC}") = "JmesPath.Tests", "tests\JmesPath.Tests.csproj", "{0299E5FA-8F92-459C-A6F7-B7E3EC6A8723}"
EndProject
Global
	GlobalSection(SolutionConfigurationPlatforms) = preSolution
		Debug|Any CPU = Debug|Any CPU
		Debug|x64 = Debug|x64
		Debug|x86 = Debug|x86
		Release|Any CPU = Release|Any CPU
		Release|x64 = Release|x64
		Release|x86 = Release|x86
	EndGlobalSection
	GlobalSection(SolutionProperties) = preSolution
		HideSolutionNode = FALSE
	EndGlobalSection
	GlobalSection(ProjectConfigurationPlatforms) = postSolution
		{D5A10A15-B119-4275-9120-6248C4A7E911}.Debug|Any CPU.ActiveCfg = Debug|Any CPU
		{D5A10A15-B119-4275-9120-6248C4A7E911}.Debug|Any CPU.Build.0 = Debug|Any CPU
		{D5A10A15-B119-4275-9120-6248C4A7E911}.Debug|x64.ActiveCfg = Debug|Any CPU
		{D5A10A15-B119-4275-9120-6248C4A7E911}.Debug|x64.Build.0 = Debug|Any CPU
		{D5A10A15-B119-4275-9120-6248C4A7E911}.Debug|x86.ActiveCfg = Debug|Any CPU
		{D5A10A15-B119-4275-9120-6248C4A7E911}.Debug|x86.Build.0 = Debug|Any CPU
		{D5A10A15-B119-4275-9120-6248C4A7E911}.Release|Any CPU.ActiveCfg = Release|Any CPU
		{D5A10A15-B119-4275-9120-6248C4A7E911}.Release|Any CPU.Build.0 = Release|Any CPU
		{D5A10A15-B119-4275-9120-6248C4A7E911}.Release|x64.ActiveCfg = Release|Any CPU
		{D5A10A15-B119-4275-9120-6248C4A7E911}.Release|x64.Build.0 = Release|Any CPU
		{D5A10A15-B119-4275-9120-6248C4A7E911}.Release|x86.ActiveCfg = Release|Any CPU
		{D5A10A15-B119-4275-9120-6248C4A7E911}.Release|x86.Build.0 = Release|Any CPU
		{0299E5FA-8F92-459C-A6F7-B7E3EC6A8723}.Debug|Any CPU.ActiveCfg = Debug|Any CPU
		{0299E5FA-8F92-459C-A6F7-B7E3EC6A8723}.Debug|Any CPU.Build.0 = Debug|Any CPU
		{0299E5FA-8F92-459C-A6F7-B7E3EC6A8723}.Debug|x64.ActiveCfg = Debug|Any CPU
		{0299E5FA-8F92-459C-A6F7-B7E3EC6A8723}.Debug|x64.Build.0 = Debug|Any CPU
		{0299E5FA-8F92-459C-A6F7-B7E3EC6A8723}.Debug|x86.ActiveCfg = Debug|Any CPU
		{0299E5FA-8F92-459C-A6F7-B7E3EC6A8723}.Debug|x86.Build.0 = Debug|Any CPU
		{0299E5FA-8F92-459C-A6F7-B7E3EC6A8723}.Release|Any CPU.ActiveCfg = Release|Any CPU
		{0299E5FA-8F92-459C-A6F7-B7E3EC6A8723}.Release|Any CPU.Build.0 = Release|Any CPU
		{0299E5FA-8F92-459C-A6F7-B7E3EC6A8723}.Release|x64.ActiveCfg = Release|Any CPU
		{0299E5FA-8F92-459C-A6F7-B7E3EC6A8723}.Release|x64.Build.0 = Release|Any CPU
		{0299E5FA-8F92-459C-A6F7-B7E3EC6A8723}.Release|x86.ActiveCfg = Release|Any CPU
		{0299E5FA-8F92-459C-A6F7-B7E3EC6A8723}.Release|x86.Build.0 = Release|Any CPU
	EndGlobalSection
EndGlobal
